
Microsoft Visual Studio Solution File, Format Version 12.00
# Visual Studio Version 16
VisualStudioVersion = 16.0.30204.135
MinimumVisualStudioVersion = 10.0.40219.1
Project("{FAE04EC0-301F-11D3-BF4B-00C04F79EFBC}") = "PFSoftware.FuelTracker", "PFSoftware.FuelTracker.csproj", "{1EB8B328-684B-44AF-A39F-0CB406A2B069}"
EndProject
Project("{9A19103F-16F7-4668-BE54-9A1E7A4F7556}") = "PFSoftware.Extensions", "..\Extensions\PFSoftware.Extensions.csproj", "{770F9BE2-D22F-458A-9495-16E76E686380}"
EndProject
Global
	GlobalSection(SolutionConfigurationPlatforms) = preSolution
		Debug|Any CPU = Debug|Any CPU
		Release|Any CPU = Release|Any CPU
	EndGlobalSection
	GlobalSection(ProjectConfigurationPlatforms) = postSolution
		{1EB8B328-684B-44AF-A39F-0CB406A2B069}.Debug|Any CPU.ActiveCfg = Debug|Any CPU
		{1EB8B328-684B-44AF-A39F-0CB406A2B069}.Debug|Any CPU.Build.0 = Debug|Any CPU
		{1EB8B328-684B-44AF-A39F-0CB406A2B069}.Release|Any CPU.ActiveCfg = Release|Any CPU
		{1EB8B328-684B-44AF-A39F-0CB406A2B069}.Release|Any CPU.Build.0 = Release|Any CPU
		{770F9BE2-D22F-458A-9495-16E76E686380}.Debug|Any CPU.ActiveCfg = Debug|Any CPU
		{770F9BE2-D22F-458A-9495-16E76E686380}.Debug|Any CPU.Build.0 = Debug|Any CPU
		{770F9BE2-D22F-458A-9495-16E76E686380}.Release|Any CPU.ActiveCfg = Release|Any CPU
		{770F9BE2-D22F-458A-9495-16E76E686380}.Release|Any CPU.Build.0 = Release|Any CPU
	EndGlobalSection
	GlobalSection(SolutionProperties) = preSolution
		HideSolutionNode = FALSE
	EndGlobalSection
	GlobalSection(ExtensibilityGlobals) = postSolution
		SolutionGuid = {E8F727F6-EB9A-417F-89BC-BCD32B6953BA}
	EndGlobalSection
EndGlobal
